// !$*UTF8*$!
{
	archiveVersion = 1;
	classes = {
	};
	objectVersion = 77;
	objects = {

/* Begin PBXBuildFile section */
		6A5AD67C2F24D89E00E2F348 /* ContentView.swift in Sources */ = {isa = PBXBuildFile; fileRef = 6A5AD6772F24D89E00E2F348 /* ContentView.swift */; };
		6A5AD6862F24EC6D00E2F348 /* SettingsViewModel.swift in Sources */ = {isa = PBXBuildFile; fileRef = 6A5AD6852F24EC6D00E2F348 /* SettingsViewModel.swift */; };
		6A5AD6872F24EDEF00E2F348 /* SettingsView.swift in Sources */ = {isa = PBXBuildFile; fileRef = 6AD1D97E2E60108500960473 /* SettingsView.swift */; };
		6A5AD6892F26819B00E2F348 /* NotificationsService.swift in Sources */ = {isa = PBXBuildFile; fileRef = 6A5AD6882F26819B00E2F348 /* NotificationsService.swift */; };
		6A5AD68B2F26859400E2F348 /* ContactAvatarView.swift in Sources */ = {isa = PBXBuildFile; fileRef = 6A5AD68A2F26859400E2F348 /* ContactAvatarView.swift */; };
		6A5AD68F2F28EB7800E2F348 /* HomeView.swift in Sources */ = {isa = PBXBuildFile; fileRef = 6A5AD68E2F28EB7800E2F348 /* HomeView.swift */; };
		6A5AD6912F28EB8B00E2F348 /* TodayCardView.swift in Sources */ = {isa = PBXBuildFile; fileRef = 6A5AD6902F28EB8A00E2F348 /* TodayCardView.swift */; };
		6A5AD6932F28EC4900E2F348 /* ButtonStyles.swift in Sources */ = {isa = PBXBuildFile; fileRef = 6A5AD6922F28EC4900E2F348 /* ButtonStyles.swift */; };
		6A5AD6952F28ED9600E2F348 /* TodayPick.swift in Sources */ = {isa = PBXBuildFile; fileRef = 6A5AD6942F28ED9600E2F348 /* TodayPick.swift */; };
		6A5AD6972F28F34E00E2F348 /* PressableCardStyle.swift in Sources */ = {isa = PBXBuildFile; fileRef = 6A5AD6962F28F34E00E2F348 /* PressableCardStyle.swift */; };
		6A5AD69D2F28F55F00E2F348 /* ContactRowCard.swift in Sources */ = {isa = PBXBuildFile; fileRef = 6A5AD69C2F28F55F00E2F348 /* ContactRowCard.swift */; };
		6A5AD6AD2F2CD67900E2F348 /* AppShellView.swift in Sources */ = {isa = PBXBuildFile; fileRef = 6A5AD6AC2F2CD67900E2F348 /* AppShellView.swift */; };
		6AA9DADA2E8A2C640016CA81 /* AppSettings+Helpers.swift in Sources */ = {isa = PBXBuildFile; fileRef = 6AA9DAD92E8A2C5A0016CA81 /* AppSettings+Helpers.swift */; };
		6AA9DADC2E8A2C9A0016CA81 /* SelectionService.swift in Sources */ = {isa = PBXBuildFile; fileRef = 6AA9DADB2E8A2C8E0016CA81 /* SelectionService.swift */; };
		6AA9DADE2E8A2CE50016CA81 /* TodayViewModel.swift in Sources */ = {isa = PBXBuildFile; fileRef = 6AA9DADD2E8A2CD80016CA81 /* TodayViewModel.swift */; };
		6AA9DADF2E8A2D8E0016CA81 /* TodayView.swift in Sources */ = {isa = PBXBuildFile; fileRef = 6AD1D97C2E60104F00960473 /* TodayView.swift */; };
		6AC020212F5C99BA00A2D6D3 /* SummaryView.swift in Sources */ = {isa = PBXBuildFile; fileRef = 6AC020202F5C99BA00A2D6D3 /* SummaryView.swift */; };
		6AC0F19B2F5D246C00D107F1 /* ContactHistoryView.swift in Sources */ = {isa = PBXBuildFile; fileRef = 6AC0F19A2F5D246C00D107F1 /* ContactHistoryView.swift */; };
		6AD1D96D2E600AE600960473 /* StayConnectedApp.swift in Sources */ = {isa = PBXBuildFile; fileRef = 6AD1D96A2E600AE600960473 /* StayConnectedApp.swift */; };
		6AD1D9812E60A81800960473 /* PoolView.swift in Sources */ = {isa = PBXBuildFile; fileRef = 6AD1D97D2E60107600960473 /* PoolView.swift */; };
		6AD1D9832E60AA6400960473 /* PoolViewModel.swift in Sources */ = {isa = PBXBuildFile; fileRef = 6AD1D97F2E60110900960473 /* PoolViewModel.swift */; };
		6AD1D9842E60AF3D00960473 /* ContactsService.swift in Sources */ = {isa = PBXBuildFile; fileRef = 6AD1D9802E60113800960473 /* ContactsService.swift */; };
		6AD1D9852E60AF4B00960473 /* Person+Helpers.swift in Sources */ = {isa = PBXBuildFile; fileRef = 6AD1D9822E60A97800960473 /* Person+Helpers.swift */; };
		6AE250F82E8A399D00D36CA5 /* Date+StartOfDay.swift in Sources */ = {isa = PBXBuildFile; fileRef = 6AE250F72E8A399300D36CA5 /* Date+StartOfDay.swift */; };
		6AE250FA2E8A39E300D36CA5 /* DailyPick+Helpers.swift in Sources */ = {isa = PBXBuildFile; fileRef = 6AE250F92E8A39D800D36CA5 /* DailyPick+Helpers.swift */; };
/* End PBXBuildFile section */

/* Begin PBXContainerItemProxy section */
		6AD1D94A2E5FEC5D00960473 /* PBXContainerItemProxy */ = {
			isa = PBXContainerItemProxy;
			containerPortal = 6AD1D92F2E5FEC5B00960473 /* Project object */;
			proxyType = 1;
			remoteGlobalIDString = 6AD1D9362E5FEC5B00960473;
			remoteInfo = StayConnected;
		};
		6AD1D9542E5FEC5D00960473 /* PBXContainerItemProxy */ = {
			isa = PBXContainerItemProxy;
			containerPortal = 6AD1D92F2E5FEC5B00960473 /* Project object */;
			proxyType = 1;
			remoteGlobalIDString = 6AD1D9362E5FEC5B00960473;
			remoteInfo = StayConnected;
		};
/* End PBXContainerItemProxy section */

/* Begin PBXFileReference section */
		6A5AD6772F24D89E00E2F348 /* ContentView.swift */ = {isa = PBXFileReference; lastKnownFileType = sourcecode.swift; path = ContentView.swift; sourceTree = "<group>"; };
		6A5AD6852F24EC6D00E2F348 /* SettingsViewModel.swift */ = {isa = PBXFileReference; lastKnownFileType = sourcecode.swift; path = SettingsViewModel.swift; sourceTree = "<group>"; };
		6A5AD6882F26819B00E2F348 /* NotificationsService.swift */ = {isa = PBXFileReference; lastKnownFileType = sourcecode.swift; path = NotificationsService.swift; sourceTree = "<group>"; };
		6A5AD68A2F26859400E2F348 /* ContactAvatarView.swift */ = {isa = PBXFileReference; lastKnownFileType = sourcecode.swift; path = ContactAvatarView.swift; sourceTree = "<group>"; };
		6A5AD68E2F28EB7800E2F348 /* HomeView.swift */ = {isa = PBXFileReference; lastKnownFileType = sourcecode.swift; path = HomeView.swift; sourceTree = "<group>"; };
		6A5AD6902F28EB8A00E2F348 /* TodayCardView.swift */ = {isa = PBXFileReference; lastKnownFileType = sourcecode.swift; path = TodayCardView.swift; sourceTree = "<group>"; };
		6A5AD6922F28EC4900E2F348 /* ButtonStyles.swift */ = {isa = PBXFileReference; lastKnownFileType = sourcecode.swift; path = ButtonStyles.swift; sourceTree = "<group>"; };
		6A5AD6942F28ED9600E2F348 /* TodayPick.swift */ = {isa = PBXFileReference; lastKnownFileType = sourcecode.swift; path = TodayPick.swift; sourceTree = "<group>"; };
		6A5AD6962F28F34E00E2F348 /* PressableCardStyle.swift */ = {isa = PBXFileReference; lastKnownFileType = sourcecode.swift; path = PressableCardStyle.swift; sourceTree = "<group>"; };
		6A5AD69C2F28F55F00E2F348 /* ContactRowCard.swift */ = {isa = PBXFileReference; lastKnownFileType = sourcecode.swift; path = ContactRowCard.swift; sourceTree = "<group>"; };
		6A5AD6AC2F2CD67900E2F348 /* AppShellView.swift */ = {isa = PBXFileReference; lastKnownFileType = sourcecode.swift; path = AppShellView.swift; sourceTree = "<group>"; };
		6AA9DAD92E8A2C5A0016CA81 /* AppSettings+Helpers.swift */ = {isa = PBXFileReference; lastKnownFileType = sourcecode.swift; path = "AppSettings+Helpers.swift"; sourceTree = "<group>"; };
		6AA9DADB2E8A2C8E0016CA81 /* SelectionService.swift */ = {isa = PBXFileReference; lastKnownFileType = sourcecode.swift; path = SelectionService.swift; sourceTree = "<group>"; };
		6AA9DADD2E8A2CD80016CA81 /* TodayViewModel.swift */ = {isa = PBXFileReference; lastKnownFileType = sourcecode.swift; path = TodayViewModel.swift; sourceTree = "<group>"; };
		6AC020202F5C99BA00A2D6D3 /* SummaryView.swift */ = {isa = PBXFileReference; lastKnownFileType = sourcecode.swift; path = SummaryView.swift; sourceTree = "<group>"; };
		6AC0F19A2F5D246C00D107F1 /* ContactHistoryView.swift */ = {isa = PBXFileReference; lastKnownFileType = sourcecode.swift; path = ContactHistoryView.swift; sourceTree = "<group>"; };
		6AC0F1A02F5E7FBB00D107F1 /* README.md */ = {isa = PBXFileReference; lastKnownFileType = sourcecode.swift; path = README.md; sourceTree = "<group>"; };
		6AC0F1A32F5E845A00D107F1 /* home.png */ = {isa = PBXFileReference; lastKnownFileType = image.png; path = home.png; sourceTree = "<group>"; };
		6AC0F1A42F5E845A00D107F1 /* pool.png */ = {isa = PBXFileReference; lastKnownFileType = image.png; path = pool.png; sourceTree = "<group>"; };
		6AC0F1A52F5E845A00D107F1 /* settings.png */ = {isa = PBXFileReference; lastKnownFileType = image.png; path = settings.png; sourceTree = "<group>"; };
		6AC0F1A62F5E845A00D107F1 /* summary.png */ = {isa = PBXFileReference; lastKnownFileType = image.png; path = summary.png; sourceTree = "<group>"; };
		6AD1D9372E5FEC5B00960473 /* StayConnected.app */ = {isa = PBXFileReference; explicitFileType = wrapper.application; includeInIndex = 0; path = StayConnected.app; sourceTree = BUILT_PRODUCTS_DIR; };
		6AD1D9492E5FEC5D00960473 /* StayConnectedTests.xctest */ = {isa = PBXFileReference; explicitFileType = wrapper.cfbundle; includeInIndex = 0; path = StayConnectedTests.xctest; sourceTree = BUILT_PRODUCTS_DIR; };
		6AD1D9532E5FEC5D00960473 /* StayConnectedUITests.xctest */ = {isa = PBXFileReference; explicitFileType = wrapper.cfbundle; includeInIndex = 0; path = StayConnectedUITests.xctest; sourceTree = BUILT_PRODUCTS_DIR; };
		6AD1D96A2E600AE600960473 /* StayConnectedApp.swift */ = {isa = PBXFileReference; lastKnownFileType = sourcecode.swift; path = StayConnectedApp.swift; sourceTree = "<group>"; };
		6AD1D97C2E60104F00960473 /* TodayView.swift */ = {isa = PBXFileReference; lastKnownFileType = sourcecode.swift; path = TodayView.swift; sourceTree = "<group>"; };
		6AD1D97D2E60107600960473 /* PoolView.swift */ = {isa = PBXFileReference; lastKnownFileType = sourcecode.swift; path = PoolView.swift; sourceTree = "<group>"; };
		6AD1D97E2E60108500960473 /* SettingsView.swift */ = {isa = PBXFileReference; lastKnownFileType = sourcecode.swift; path = SettingsView.swift; sourceTree = "<group>"; };
		6AD1D97F2E60110900960473 /* PoolViewModel.swift */ = {isa = PBXFileReference; lastKnownFileType = sourcecode.swift; path = PoolViewModel.swift; sourceTree = "<group>"; };
		6AD1D9802E60113800960473 /* ContactsService.swift */ = {isa = PBXFileReference; lastKnownFileType = sourcecode.swift; path = ContactsService.swift; sourceTree = "<group>"; };
		6AD1D9822E60A97800960473 /* Person+Helpers.swift */ = {isa = PBXFileReference; lastKnownFileType = sourcecode.swift; path = "Person+Helpers.swift"; sourceTree = "<group>"; };
		6AE250F72E8A399300D36CA5 /* Date+StartOfDay.swift */ = {isa = PBXFileReference; lastKnownFileType = sourcecode.swift; path = "Date+StartOfDay.swift"; sourceTree = "<group>"; };
		6AE250F92E8A39D800D36CA5 /* DailyPick+Helpers.swift */ = {isa = PBXFileReference; lastKnownFileType = sourcecode.swift; path = "DailyPick+Helpers.swift"; sourceTree = "<group>"; };
/* End PBXFileReference section */

/* Begin PBXFileSystemSynchronizedRootGroup section */
		6AD1D9392E5FEC5B00960473 /* StayConnected */ = {
			isa = PBXFileSystemSynchronizedRootGroup;
			path = StayConnected;
			sourceTree = "<group>";
		};
		6AD1D94C2E5FEC5D00960473 /* StayConnectedTests */ = {
			isa = PBXFileSystemSynchronizedRootGroup;
			path = StayConnectedTests;
			sourceTree = "<group>";
		};
		6AD1D9562E5FEC5D00960473 /* StayConnectedUITests */ = {
			isa = PBXFileSystemSynchronizedRootGroup;
			path = StayConnectedUITests;
			sourceTree = "<group>";
		};
/* End PBXFileSystemSynchronizedRootGroup section */

/* Begin PBXFrameworksBuildPhase section */
		6AD1D9342E5FEC5B00960473 /* Frameworks */ = {
			isa = PBXFrameworksBuildPhase;
			buildActionMask = 2147483647;
			files = (
			);
			runOnlyForDeploymentPostprocessing = 0;
		};
		6AD1D9462E5FEC5D00960473 /* Frameworks */ = {
			isa = PBXFrameworksBuildPhase;
			buildActionMask = 2147483647;
			files = (
			);
			runOnlyForDeploymentPostprocessing = 0;
		};
		6AD1D9502E5FEC5D00960473 /* Frameworks */ = {
			isa = PBXFrameworksBuildPhase;
			buildActionMask = 2147483647;
			files = (
			);
			runOnlyForDeploymentPostprocessing = 0;
		};
/* End PBXFrameworksBuildPhase section */

/* Begin PBXGroup section */
		6A5AD69E2F28F70100E2F348 /* Components */ = {
			isa = PBXGroup;
			children = (
				6A5AD6922F28EC4900E2F348 /* ButtonStyles.swift */,
				6A5AD69C2F28F55F00E2F348 /* ContactRowCard.swift */,
				6A5AD6902F28EB8A00E2F348 /* TodayCardView.swift */,
				6A5AD6962F28F34E00E2F348 /* PressableCardStyle.swift */,
			);
			path = Components;
			sourceTree = "<group>";
		};
		6AC0F1A22F5E836B00D107F1 /* screenshots */ = {
			isa = PBXGroup;
			children = (
				6AC0F1A32F5E845A00D107F1 /* home.png */,
				6AC0F1A42F5E845A00D107F1 /* pool.png */,
				6AC0F1A52F5E845A00D107F1 /* settings.png */,
				6AC0F1A62F5E845A00D107F1 /* summary.png */,
			);
			path = screenshots;
			sourceTree = "<group>";
		};
		6AD1D92E2E5FEC5B00960473 = {
			isa = PBXGroup;
			children = (
				6AC0F1A22F5E836B00D107F1 /* screenshots */,
				6AC0F1A02F5E7FBB00D107F1 /* README.md */,
				6AD1D97B2E600F7E00960473 /* Views */,
				6AD1D97A2E600F7400960473 /* ViewModels */,
				6AD1D9792E600F6A00960473 /* Services */,
				6AD1D9782E600F6400960473 /* Models */,
				6AD1D9772E600F3C00960473 /* App */,
				6AD1D9392E5FEC5B00960473 /* StayConnected */,
				6AD1D94C2E5FEC5D00960473 /* StayConnectedTests */,
				6AD1D9562E5FEC5D00960473 /* StayConnectedUITests */,
				6AD1D9382E5FEC5B00960473 /* Products */,
			);
			sourceTree = "<group>";
		};
		6AD1D9382E5FEC5B00960473 /* Products */ = {
			isa = PBXGroup;
			children = (
				6AD1D9372E5FEC5B00960473 /* StayConnected.app */,
				6AD1D9492E5FEC5D00960473 /* StayConnectedTests.xctest */,
				6AD1D9532E5FEC5D00960473 /* StayConnectedUITests.xctest */,
			);
			name = Products;
			sourceTree = "<group>";
		};
		6AD1D9772E600F3C00960473 /* App */ = {
			isa = PBXGroup;
			children = (
				6AD1D96A2E600AE600960473 /* StayConnectedApp.swift */,
			);
			path = App;
			sourceTree = "<group>";
		};
		6AD1D9782E600F6400960473 /* Models */ = {
			isa = PBXGroup;
			children = (
				6AE250F92E8A39D800D36CA5 /* DailyPick+Helpers.swift */,
				6AE250F72E8A399300D36CA5 /* Date+StartOfDay.swift */,
				6AA9DAD92E8A2C5A0016CA81 /* AppSettings+Helpers.swift */,
				6AD1D9822E60A97800960473 /* Person+Helpers.swift */,
				6A5AD6942F28ED9600E2F348 /* TodayPick.swift */,
			);
			path = Models;
			sourceTree = "<group>";
		};
		6AD1D9792E600F6A00960473 /* Services */ = {
			isa = PBXGroup;
			children = (
				6AA9DADB2E8A2C8E0016CA81 /* SelectionService.swift */,
				6AD1D9802E60113800960473 /* ContactsService.swift */,
				6A5AD6882F26819B00E2F348 /* NotificationsService.swift */,
			);
			path = Services;
			sourceTree = "<group>";
		};
		6AD1D97A2E600F7400960473 /* ViewModels */ = {
			isa = PBXGroup;
			children = (
				6AA9DADD2E8A2CD80016CA81 /* TodayViewModel.swift */,
				6AD1D97F2E60110900960473 /* PoolViewModel.swift */,
				6A5AD6852F24EC6D00E2F348 /* SettingsViewModel.swift */,
			);
			path = ViewModels;
			sourceTree = "<group>";
		};
		6AD1D97B2E600F7E00960473 /* Views */ = {
			isa = PBXGroup;
			children = (
				6A5AD69E2F28F70100E2F348 /* Components */,
				6AD1D97E2E60108500960473 /* SettingsView.swift */,
				6AD1D97D2E60107600960473 /* PoolView.swift */,
				6AD1D97C2E60104F00960473 /* TodayView.swift */,
				6A5AD68A2F26859400E2F348 /* ContactAvatarView.swift */,
				6A5AD6772F24D89E00E2F348 /* ContentView.swift */,
				6A5AD68E2F28EB7800E2F348 /* HomeView.swift */,
				6A5AD6AC2F2CD67900E2F348 /* AppShellView.swift */,
				6AC020202F5C99BA00A2D6D3 /* SummaryView.swift */,
				6AC0F19A2F5D246C00D107F1 /* ContactHistoryView.swift */,
			);
			path = Views;
			sourceTree = "<group>";
		};
/* End PBXGroup section */

/* Begin PBXNativeTarget section */
		6AD1D9362E5FEC5B00960473 /* StayConnected */ = {
			isa = PBXNativeTarget;
			buildConfigurationList = 6AD1D95D2E5FEC5D00960473 /* Build configuration list for PBXNativeTarget "StayConnected" */;
			buildPhases = (
				6AD1D9332E5FEC5B00960473 /* Sources */,
				6AD1D9342E5FEC5B00960473 /* Frameworks */,
				6AD1D9352E5FEC5B00960473 /* Resources */,
			);
			buildRules = (
			);
			dependencies = (
			);
			fileSystemSynchronizedGroups = (
				6AD1D9392E5FEC5B00960473 /* StayConnected */,
			);
			name = StayConnected;
			packageProductDependencies = (
			);
			productName = StayConnected;
			productReference = 6AD1D9372E5FEC5B00960473 /* StayConnected.app */;
			productType = "com.apple.product-type.application";
		};
		6AD1D9482E5FEC5D00960473 /* StayConnectedTests */ = {
			isa = PBXNativeTarget;
			buildConfigurationList = 6AD1D9602E5FEC5D00960473 /* Build configuration list for PBXNativeTarget "StayConnectedTests" */;
			buildPhases = (
				6AD1D9452E5FEC5D00960473 /* Sources */,
				6AD1D9462E5FEC5D00960473 /* Frameworks */,
				6AD1D9472E5FEC5D00960473 /* Resources */,
			);
			buildRules = (
			);
			dependencies = (
				6AD1D94B2E5FEC5D00960473 /* PBXTargetDependency */,
			);
			fileSystemSynchronizedGroups = (
				6AD1D94C2E5FEC5D00960473 /* StayConnectedTests */,
			);
			name = StayConnectedTests;
			packageProductDependencies = (
			);
			productName = StayConnectedTests;
			productReference = 6AD1D9492E5FEC5D00960473 /* StayConnectedTests.xctest */;
			productType = "com.apple.product-type.bundle.unit-test";
		};
		6AD1D9522E5FEC5D00960473 /* StayConnectedUITests */ = {
			isa = PBXNativeTarget;
			buildConfigurationList = 6AD1D9632E5FEC5D00960473 /* Build configuration list for PBXNativeTarget "StayConnectedUITests" */;
			buildPhases = (
				6AD1D94F2E5FEC5D00960473 /* Sources */,
				6AD1D9502E5FEC5D00960473 /* Frameworks */,
				6AD1D9512E5FEC5D00960473 /* Resources */,
			);
			buildRules = (
			);
			dependencies = (
				6AD1D9552E5FEC5D00960473 /* PBXTargetDependency */,
			);
			fileSystemSynchronizedGroups = (
				6AD1D9562E5FEC5D00960473 /* StayConnectedUITests */,
			);
			name = StayConnectedUITests;
			packageProductDependencies = (
			);
			productName = StayConnectedUITests;
			productReference = 6AD1D9532E5FEC5D00960473 /* StayConnectedUITests.xctest */;
			productType = "com.apple.product-type.bundle.ui-testing";
		};
/* End PBXNativeTarget section */

/* Begin PBXProject section */
		6AD1D92F2E5FEC5B00960473 /* Project object */ = {
			isa = PBXProject;
			attributes = {
				BuildIndependentTargetsInParallel = 1;
				LastSwiftUpdateCheck = 1640;
				LastUpgradeCheck = 2600;
				TargetAttributes = {
					6AD1D9362E5FEC5B00960473 = {
						CreatedOnToolsVersion = 16.4;
					};
					6AD1D9482E5FEC5D00960473 = {
						CreatedOnToolsVersion = 16.4;
						TestTargetID = 6AD1D9362E5FEC5B00960473;
					};
					6AD1D9522E5FEC5D00960473 = {
						CreatedOnToolsVersion = 16.4;
						TestTargetID = 6AD1D9362E5FEC5B00960473;
					};
				};
			};
			buildConfigurationList = 6AD1D9322E5FEC5B00960473 /* Build configuration list for PBXProject "StayConnected" */;
			developmentRegion = en;
			hasScannedForEncodings = 0;
			knownRegions = (
				en,
				Base,
			);
			mainGroup = 6AD1D92E2E5FEC5B00960473;
			minimizedProjectReferenceProxies = 1;
			preferredProjectObjectVersion = 77;
			productRefGroup = 6AD1D9382E5FEC5B00960473 /* Products */;
			projectDirPath = "";
			projectRoot = "";
			targets = (
				6AD1D9362E5FEC5B00960473 /* StayConnected */,
				6AD1D9482E5FEC5D00960473 /* StayConnectedTests */,
				6AD1D9522E5FEC5D00960473 /* StayConnectedUITests */,
			);
		};
/* End PBXProject section */

/* Begin PBXResourcesBuildPhase section */
		6AD1D9352E5FEC5B00960473 /* Resources */ = {
			isa = PBXResourcesBuildPhase;
			buildActionMask = 2147483647;
			files = (
			);
			runOnlyForDeploymentPostprocessing = 0;
		};
		6AD1D9472E5FEC5D00960473 /* Resources */ = {
			isa = PBXResourcesBuildPhase;
			buildActionMask = 2147483647;
			files = (
			);
			runOnlyForDeploymentPostprocessing = 0;
		};
		6AD1D9512E5FEC5D00960473 /* Resources */ = {
			isa = PBXResourcesBuildPhase;
			buildActionMask = 2147483647;
			files = (
			);
			runOnlyForDeploymentPostprocessing = 0;
		};
/* End PBXResourcesBuildPhase section */

/* Begin PBXSourcesBuildPhase section */
		6AD1D9332E5FEC5B00960473 /* Sources */ = {
			isa = PBXSourcesBuildPhase;
			buildActionMask = 2147483647;
			files = (
				6AA9DADE2E8A2CE50016CA81 /* TodayViewModel.swift in Sources */,
				6AD1D9842E60AF3D00960473 /* ContactsService.swift in Sources */,
				6AD1D96D2E600AE600960473 /* StayConnectedApp.swift in Sources */,
				6AD1D9832E60AA6400960473 /* PoolViewModel.swift in Sources */,
				6A5AD69D2F28F55F00E2F348 /* ContactRowCard.swift in Sources */,
				6A5AD6AD2F2CD67900E2F348 /* AppShellView.swift in Sources */,
				6A5AD6932F28EC4900E2F348 /* ButtonStyles.swift in Sources */,
				6A5AD68B2F26859400E2F348 /* ContactAvatarView.swift in Sources */,
				6AA9DADA2E8A2C640016CA81 /* AppSettings+Helpers.swift in Sources */,
				6AC0F19B2F5D246C00D107F1 /* ContactHistoryView.swift in Sources */,
				6A5AD6862F24EC6D00E2F348 /* SettingsViewModel.swift in Sources */,
				6AA9DADC2E8A2C9A0016CA81 /* SelectionService.swift in Sources */,
				6AD1D9852E60AF4B00960473 /* Person+Helpers.swift in Sources */,
				6AE250FA2E8A39E300D36CA5 /* DailyPick+Helpers.swift in Sources */,
				6AC020212F5C99BA00A2D6D3 /* SummaryView.swift in Sources */,
				6A5AD6872F24EDEF00E2F348 /* SettingsView.swift in Sources */,
				6A5AD6952F28ED9600E2F348 /* TodayPick.swift in Sources */,
				6A5AD6972F28F34E00E2F348 /* PressableCardStyle.swift in Sources */,
				6AA9DADF2E8A2D8E0016CA81 /* TodayView.swift in Sources */,
				6A5AD67C2F24D89E00E2F348 /* ContentView.swift in Sources */,
				6AE250F82E8A399D00D36CA5 /* Date+StartOfDay.swift in Sources */,
				6A5AD6912F28EB8B00E2F348 /* TodayCardView.swift in Sources */,
				6AD1D9812E60A81800960473 /* PoolView.swift in Sources */,
				6A5AD6892F26819B00E2F348 /* NotificationsService.swift in Sources */,
				6A5AD68F2F28EB7800E2F348 /* HomeView.swift in Sources */,
			);
			runOnlyForDeploymentPostprocessing = 0;
		};
		6AD1D9452E5FEC5D00960473 /* Sources */ = {
			isa = PBXSourcesBuildPhase;
			buildActionMask = 2147483647;
			files = (
			);
			runOnlyForDeploymentPostprocessing = 0;
		};
		6AD1D94F2E5FEC5D00960473 /* Sources */ = {
			isa = PBXSourcesBuildPhase;
			buildActionMask = 2147483647;
			files = (
			);
			runOnlyForDeploymentPostprocessing = 0;
		};
/* End PBXSourcesBuildPhase section */

/* Begin PBXTargetDependency section */
		6AD1D94B2E5FEC5D00960473 /* PBXTargetDependency */ = {
			isa = PBXTargetDependency;
			target = 6AD1D9362E5FEC5B00960473 /* StayConnected */;
			targetProxy = 6AD1D94A2E5FEC5D00960473 /* PBXContainerItemProxy */;
		};
		6AD1D9552E5FEC5D00960473 /* PBXTargetDependency */ = {
			isa = PBXTargetDependency;
			target = 6AD1D9362E5FEC5B00960473 /* StayConnected */;
			targetProxy = 6AD1D9542E5FEC5D00960473 /* PBXContainerItemProxy */;
		};
/* End PBXTargetDependency section */

/* Begin XCBuildConfiguration section */
		6AD1D95B2E5FEC5D00960473 /* Debug */ = {
			isa = XCBuildConfiguration;
			buildSettings = {
				ALWAYS_SEARCH_USER_PATHS = NO;
				ASSETCATALOG_COMPILER_GENERATE_SWIFT_ASSET_SYMBOL_EXTENSIONS = YES;
				CLANG_ANALYZER_NONNULL = YES;
				CLANG_ANALYZER_NUMBER_OBJECT_CONVERSION = YES_AGGRESSIVE;
				CLANG_CXX_LANGUAGE_STANDARD = "gnu++20";
				CLANG_ENABLE_MODULES = YES;
				CLANG_ENABLE_OBJC_ARC = YES;
				CLANG_ENABLE_OBJC_WEAK = YES;
				CLANG_WARN_BLOCK_CAPTURE_AUTORELEASING = YES;
				CLANG_WARN_BOOL_CONVERSION = YES;
				CLANG_WARN_COMMA = YES;
				CLANG_WARN_CONSTANT_CONVERSION = YES;
				CLANG_WARN_DEPRECATED_OBJC_IMPLEMENTATIONS = YES;
				CLANG_WARN_DIRECT_OBJC_ISA_USAGE = YES_ERROR;
				CLANG_WARN_DOCUMENTATION_COMMENTS = YES;
				CLANG_WARN_EMPTY_BODY = YES;
				CLANG_WARN_ENUM_CONVERSION = YES;
				CLANG_WARN_INFINITE_RECURSION = YES;
				CLANG_WARN_INT_CONVERSION = YES;
				CLANG_WARN_NON_LITERAL_NULL_CONVERSION = YES;
				CLANG_WARN_OBJC_IMPLICIT_RETAIN_SELF = YES;
				CLANG_WARN_OBJC_LITERAL_CONVERSION = YES;
				CLANG_WARN_OBJC_ROOT_CLASS = YES_ERROR;
				CLANG_WARN_QUOTED_INCLUDE_IN_FRAMEWORK_HEADER = YES;
				CLANG_WARN_RANGE_LOOP_ANALYSIS = YES;
				CLANG_WARN_STRICT_PROTOTYPES = YES;
				CLANG_WARN_SUSPICIOUS_MOVE = YES;
				CLANG_WARN_UNGUARDED_AVAILABILITY = YES_AGGRESSIVE;
				CLANG_WARN_UNREACHABLE_CODE = YES;
				CLANG_WARN__DUPLICATE_METHOD_MATCH = YES;
				COPY_PHASE_STRIP = NO;
				DEBUG_INFORMATION_FORMAT = dwarf;
				ENABLE_STRICT_OBJC_MSGSEND = YES;
				ENABLE_TESTABILITY = YES;
				ENABLE_USER_SCRIPT_SANDBOXING = YES;
				GCC_C_LANGUAGE_STANDARD = gnu17;
				GCC_DYNAMIC_NO_PIC = NO;
				GCC_NO_COMMON_BLOCKS = YES;
				GCC_OPTIMIZATION_LEVEL = 0;
				GCC_PREPROCESSOR_DEFINITIONS = (
					"DEBUG=1",
					"$(inherited)",
				);
				GCC_WARN_64_TO_32_BIT_CONVERSION = YES;
				GCC_WARN_ABOUT_RETURN_TYPE = YES_ERROR;
				GCC_WARN_UNDECLARED_SELECTOR = YES;
				GCC_WARN_UNINITIALIZED_AUTOS = YES_AGGRESSIVE;
				GCC_WARN_UNUSED_FUNCTION = YES;
				GCC_WARN_UNUSED_VARIABLE = YES;
				IPHONEOS_DEPLOYMENT_TARGET = 18.5;
				LOCALIZATION_PREFERS_STRING_CATALOGS = YES;
				MTL_ENABLE_DEBUG_INFO = INCLUDE_SOURCE;
				MTL_FAST_MATH = YES;
				ONLY_ACTIVE_ARCH = YES;
				SDKROOT = iphoneos;
				STRING_CATALOG_GENERATE_SYMBOLS = YES;
				SWIFT_ACTIVE_COMPILATION_CONDITIONS = "DEBUG $(inherited)";
				SWIFT_OPTIMIZATION_LEVEL = "-Onone";
			};
			name = Debug;
		};
		6AD1D95C2E5FEC5D00960473 /* Release */ = {
			isa = XCBuildConfiguration;
			buildSettings = {
				ALWAYS_SEARCH_USER_PATHS = NO;
				ASSETCATALOG_COMPILER_GENERATE_SWIFT_ASSET_SYMBOL_EXTENSIONS = YES;
				CLANG_ANALYZER_NONNULL = YES;
				CLANG_ANALYZER_NUMBER_OBJECT_CONVERSION = YES_AGGRESSIVE;
				CLANG_CXX_LANGUAGE_STANDARD = "gnu++20";
				CLANG_ENABLE_MODULES = YES;
				CLANG_ENABLE_OBJC_ARC = YES;
				CLANG_ENABLE_OBJC_WEAK = YES;
				CLANG_WARN_BLOCK_CAPTURE_AUTORELEASING = YES;
				CLANG_WARN_BOOL_CONVERSION = YES;
				CLANG_WARN_COMMA = YES;
				CLANG_WARN_CONSTANT_CONVERSION = YES;
				CLANG_WARN_DEPRECATED_OBJC_IMPLEMENTATIONS = YES;
				CLANG_WARN_DIRECT_OBJC_ISA_USAGE = YES_ERROR;
				CLANG_WARN_DOCUMENTATION_COMMENTS = YES;
				CLANG_WARN_EMPTY_BODY = YES;
				CLANG_WARN_ENUM_CONVERSION = YES;
				CLANG_WARN_INFINITE_RECURSION = YES;
				CLANG_WARN_INT_CONVERSION = YES;
				CLANG_WARN_NON_LITERAL_NULL_CONVERSION = YES;
				CLANG_WARN_OBJC_IMPLICIT_RETAIN_SELF = YES;
				CLANG_WARN_OBJC_LITERAL_CONVERSION = YES;
				CLANG_WARN_OBJC_ROOT_CLASS = YES_ERROR;
				CLANG_WARN_QUOTED_INCLUDE_IN_FRAMEWORK_HEADER = YES;
				CLANG_WARN_RANGE_LOOP_ANALYSIS = YES;
				CLANG_WARN_STRICT_PROTOTYPES = YES;
				CLANG_WARN_SUSPICIOUS_MOVE = YES;
				CLANG_WARN_UNGUARDED_AVAILABILITY = YES_AGGRESSIVE;
				CLANG_WARN_UNREACHABLE_CODE = YES;
				CLANG_WARN__DUPLICATE_METHOD_MATCH = YES;
				COPY_PHASE_STRIP = NO;
				DEBUG_INFORMATION_FORMAT = "dwarf-with-dsym";
				ENABLE_NS_ASSERTIONS = NO;
				ENABLE_STRICT_OBJC_MSGSEND = YES;
				ENABLE_USER_SCRIPT_SANDBOXING = YES;
				GCC_C_LANGUAGE_STANDARD = gnu17;
				GCC_NO_COMMON_BLOCKS = YES;
				GCC_WARN_64_TO_32_BIT_CONVERSION = YES;
				GCC_WARN_ABOUT_RETURN_TYPE = YES_ERROR;
				GCC_WARN_UNDECLARED_SELECTOR = YES;
				GCC_WARN_UNINITIALIZED_AUTOS = YES_AGGRESSIVE;
				GCC_WARN_UNUSED_FUNCTION = YES;
				GCC_WARN_UNUSED_VARIABLE = YES;
				IPHONEOS_DEPLOYMENT_TARGET = 18.5;
				LOCALIZATION_PREFERS_STRING_CATALOGS = YES;
				MTL_ENABLE_DEBUG_INFO = NO;
				MTL_FAST_MATH = YES;
				SDKROOT = iphoneos;
				STRING_CATALOG_GENERATE_SYMBOLS = YES;
				SWIFT_COMPILATION_MODE = wholemodule;
				VALIDATE_PRODUCT = YES;
			};
			name = Release;
		};
		6AD1D95E2E5FEC5D00960473 /* Debug */ = {
			isa = XCBuildConfiguration;
			buildSettings = {
				ASSETCATALOG_COMPILER_APPICON_NAME = AppIcon;
				ASSETCATALOG_COMPILER_GLOBAL_ACCENT_COLOR_NAME = AccentColor;
				CODE_SIGN_STYLE = Automatic;
				CURRENT_PROJECT_VERSION = 1;
				DEVELOPMENT_TEAM = 65626Z6F52;
				ENABLE_PREVIEWS = YES;
				GENERATE_INFOPLIST_FILE = YES;
				INFOPLIST_KEY_NSContactsUsageDescription = "Used to choose a small set of people and show daily call suggestions. Data stays on device.";
				INFOPLIST_KEY_UIApplicationSceneManifest_Generation = YES;
				INFOPLIST_KEY_UIApplicationSupportsIndirectInputEvents = YES;
				INFOPLIST_KEY_UILaunchScreen_Generation = YES;
				INFOPLIST_KEY_UISupportedInterfaceOrientations_iPad = "UIInterfaceOrientationPortrait UIInterfaceOrientationPortraitUpsideDown UIInterfaceOrientationLandscapeLeft UIInterfaceOrientationLandscapeRight";
				INFOPLIST_KEY_UISupportedInterfaceOrientations_iPhone = "UIInterfaceOrientationPortrait UIInterfaceOrientationLandscapeLeft UIInterfaceOrientationLandscapeRight";
				LD_RUNPATH_SEARCH_PATHS = (
					"$(inherited)",
					"@executable_path/Frameworks",
				);
				MARKETING_VERSION = 1.0;
				PRODUCT_BUNDLE_IDENTIFIER = com.anujpatel.StayConnected;
				PRODUCT_NAME = "$(TARGET_NAME)";
				SWIFT_EMIT_LOC_STRINGS = YES;
				SWIFT_VERSION = 5.0;
				TARGETED_DEVICE_FAMILY = "1,2";
			};
			name = Debug;
		};
		6AD1D95F2E5FEC5D00960473 /* Release */ = {
			isa = XCBuildConfiguration;
			buildSettings = {
				ASSETCATALOG_COMPILER_APPICON_NAME = AppIcon;
				ASSETCATALOG_COMPILER_GLOBAL_ACCENT_COLOR_NAME = AccentColor;
				CODE_SIGN_STYLE = Automatic;
				CURRENT_PROJECT_VERSION = 1;
				DEVELOPMENT_TEAM = 65626Z6F52;
				ENABLE_PREVIEWS = YES;
				GENERATE_INFOPLIST_FILE = YES;
				INFOPLIST_KEY_NSContactsUsageDescription = "Used to choose a small set of people and show daily call suggestions. Data stays on device.";
				INFOPLIST_KEY_UIApplicationSceneManifest_Generation = YES;
				INFOPLIST_KEY_UIApplicationSupportsIndirectInputEvents = YES;
				INFOPLIST_KEY_UILaunchScreen_Generation = YES;
				INFOPLIST_KEY_UISupportedInterfaceOrientations_iPad = "UIInterfaceOrientationPortrait UIInterfaceOrientationPortraitUpsideDown UIInterfaceOrientationLandscapeLeft UIInterfaceOrientationLandscapeRight";
				INFOPLIST_KEY_UISupportedInterfaceOrientations_iPhone = "UIInterfaceOrientationPortrait UIInterfaceOrientationLandscapeLeft UIInterfaceOrientationLandscapeRight";
				LD_RUNPATH_SEARCH_PATHS = (
					"$(inherited)",
					"@executable_path/Frameworks",
				);
				MARKETING_VERSION = 1.0;
				PRODUCT_BUNDLE_IDENTIFIER = com.anujpatel.StayConnected;
				PRODUCT_NAME = "$(TARGET_NAME)";
				SWIFT_EMIT_LOC_STRINGS = YES;
				SWIFT_VERSION = 5.0;
				TARGETED_DEVICE_FAMILY = "1,2";
			};
			name = Release;
		};
		6AD1D9612E5FEC5D00960473 /* Debug */ = {
			isa = XCBuildConfiguration;
			buildSettings = {
				BUNDLE_LOADER = "$(TEST_HOST)";
				CODE_SIGN_STYLE = Automatic;
				CURRENT_PROJECT_VERSION = 1;
				GENERATE_INFOPLIST_FILE = YES;
				IPHONEOS_DEPLOYMENT_TARGET = 18.5;
				MARKETING_VERSION = 1.0;
				PRODUCT_BUNDLE_IDENTIFIER = com.anujpatel.StayConnectedTests;
				PRODUCT_NAME = "$(TARGET_NAME)";
				SWIFT_EMIT_LOC_STRINGS = NO;
				SWIFT_VERSION = 5.0;
				TARGETED_DEVICE_FAMILY = "1,2";
				TEST_HOST = "$(BUILT_PRODUCTS_DIR)/StayConnected.app/$(BUNDLE_EXECUTABLE_FOLDER_PATH)/StayConnected";
			};
			name = Debug;
		};
		6AD1D9622E5FEC5D00960473 /* Release */ = {
			isa = XCBuildConfiguration;
			buildSettings = {
				BUNDLE_LOADER = "$(TEST_HOST)";
				CODE_SIGN_STYLE = Automatic;
				CURRENT_PROJECT_VERSION = 1;
				GENERATE_INFOPLIST_FILE = YES;
				IPHONEOS_DEPLOYMENT_TARGET = 18.5;
				MARKETING_VERSION = 1.0;
				PRODUCT_BUNDLE_IDENTIFIER = com.anujpatel.StayConnectedTests;
				PRODUCT_NAME = "$(TARGET_NAME)";
				SWIFT_EMIT_LOC_STRINGS = NO;
				SWIFT_VERSION = 5.0;
				TARGETED_DEVICE_FAMILY = "1,2";
				TEST_HOST = "$(BUILT_PRODUCTS_DIR)/StayConnected.app/$(BUNDLE_EXECUTABLE_FOLDER_PATH)/StayConnected";
			};
			name = Release;
		};
		6AD1D9642E5FEC5D00960473 /* Debug */ = {
			isa = XCBuildConfiguration;
			buildSettings = {
				CODE_SIGN_STYLE = Automatic;
				CURRENT_PROJECT_VERSION = 1;
				GENERATE_INFOPLIST_FILE = YES;
				MARKETING_VERSION = 1.0;
				PRODUCT_BUNDLE_IDENTIFIER = com.anujpatel.StayConnectedUITests;
				PRODUCT_NAME = "$(TARGET_NAME)";
				SWIFT_EMIT_LOC_STRINGS = NO;
				SWIFT_VERSION = 5.0;
				TARGETED_DEVICE_FAMILY = "1,2";
				TEST_TARGET_NAME = StayConnected;
			};
			name = Debug;
		};
		6AD1D9652E5FEC5D00960473 /* Release */ = {
			isa = XCBuildConfiguration;
			buildSettings = {
				CODE_SIGN_STYLE = Automatic;
				CURRENT_PROJECT_VERSION = 1;
				GENERATE_INFOPLIST_FILE = YES;
				MARKETING_VERSION = 1.0;
				PRODUCT_BUNDLE_IDENTIFIER = com.anujpatel.StayConnectedUITests;
				PRODUCT_NAME = "$(TARGET_NAME)";
				SWIFT_EMIT_LOC_STRINGS = NO;
				SWIFT_VERSION = 5.0;
				TARGETED_DEVICE_FAMILY = "1,2";
				TEST_TARGET_NAME = StayConnected;
			};
			name = Release;
		};
/* End XCBuildConfiguration section */

/* Begin XCConfigurationList section */
		6AD1D9322E5FEC5B00960473 /* Build configuration list for PBXProject "StayConnected" */ = {
			isa = XCConfigurationList;
			buildConfigurations = (
				6AD1D95B2E5FEC5D00960473 /* Debug */,
				6AD1D95C2E5FEC5D00960473 /* Release */,
			);
			defaultConfigurationIsVisible = 0;
			defaultConfigurationName = Release;
		};
		6AD1D95D2E5FEC5D00960473 /* Build configuration list for PBXNativeTarget "StayConnected" */ = {
			isa = XCConfigurationList;
			buildConfigurations = (
				6AD1D95E2E5FEC5D00960473 /* Debug */,
				6AD1D95F2E5FEC5D00960473 /* Release */,
			);
			defaultConfigurationIsVisible = 0;
			defaultConfigurationName = Release;
		};
		6AD1D9602E5FEC5D00960473 /* Build configuration list for PBXNativeTarget "StayConnectedTests" */ = {
			isa = XCConfigurationList;
			buildConfigurations = (
				6AD1D9612E5FEC5D00960473 /* Debug */,
				6AD1D9622E5FEC5D00960473 /* Release */,
			);
			defaultConfigurationIsVisible = 0;
			defaultConfigurationName = Release;
		};
		6AD1D9632E5FEC5D00960473 /* Build configuration list for PBXNativeTarget "StayConnectedUITests" */ = {
			isa = XCConfigurationList;
			buildConfigurations = (
				6AD1D9642E5FEC5D00960473 /* Debug */,
				6AD1D9652E5FEC5D00960473 /* Release */,
			);
			defaultConfigurationIsVisible = 0;
			defaultConfigurationName = Release;
		};
/* End XCConfigurationList section */
	};
	rootObject = 6AD1D92F2E5FEC5B00960473 /* Project object */;
}
